
Microsoft Visual Studio Solution File, Format Version 12.00
# Visual Studio Version 17
VisualStudioVersion = 17.0.31919.166
MinimumVisualStudioVersion = 10.0.40219.1
Project("{8BC9CEB8-8B4A-11D0-8D11-00A0C91BC942}") = "SAOD_1_2_4", "SAOD_1_2_4\SAOD_1_2_4.vcxproj", "{CBF9E962-D57E-4BBD-86D2-52800E5A5BA6}"
EndProject
Global
	GlobalSection(SolutionConfigurationPlatforms) = preSolution
		Debug|x64 = Debug|x64
		Debug|x86 = Debug|x86
		Release|x64 = Release|x64
		Release|x86 = Release|x86
	EndGlobalSection
	GlobalSection(ProjectConfigurationPlatforms) = postSolution
		{CBF9E962-D57E-4BBD-86D2-52800E5A5BA6}.Debug|x64.ActiveCfg = Debug|x64
		{CBF9E962-D57E-4BBD-86D2-52800E5A5BA6}.Debug|x64.Build.0 = Debug|x64
		{CBF9E962-D57E-4BBD-86D2-52800E5A5BA6}.Debug|x86.ActiveCfg = Debug|Win32
		{CBF9E962-D57E-4BBD-86D2-52800E5A5BA6}.Debug|x86.Build.0 = Debug|Win32
		{CBF9E962-D57E-4BBD-86D2-52800E5A5BA6}.Release|x64.ActiveCfg = Release|x64
		{CBF9E962-D57E-4BBD-86D2-52800E5A5BA6}.Release|x64.Build.0 = Release|x64
		{CBF9E962-D57E-4BBD-86D2-52800E5A5BA6}.Release|x86.ActiveCfg = Release|Win32
		{CBF9E962-D57E-4BBD-86D2-52800E5A5BA6}.Release|x86.Build.0 = Release|Win32
	EndGlobalSection
	GlobalSection(SolutionProperties) = preSolution
		HideSolutionNode = FALSE
	EndGlobalSection
	GlobalSection(ExtensibilityGlobals) = postSolution
		SolutionGuid = {C30F3D4C-A18D-4E4F-8B4C-69B818FC94CC}
	EndGlobalSection
EndGlobal
